// !$*UTF8*$!
{
	archiveVersion = 1;
	classes = {
	};
	objectVersion = 46;
	objects = {

/* Begin PBXBuildFile section */
		4F56A8DA1AA4EACF0099277E /* shsudo.m in Sources */ = {isa = PBXBuildFile; fileRef = 4F56A8D91AA4EACF0099277E /* shsudo.m */; };
/* End PBXBuildFile section */

/* Begin PBXCopyFilesBuildPhase section */
		4F56A8CD1AA4EA6F0099277E /* CopyFiles */ = {
			isa = PBXCopyFilesBuildPhase;
			buildActionMask = 2147483647;
			dstPath = /usr/share/man/man1/;
			dstSubfolderSpec = 0;
			files = (
			);
			runOnlyForDeploymentPostprocessing = 1;
		};
/* End PBXCopyFilesBuildPhase section */

/* Begin PBXFileReference section */
		4F56A8CF1AA4EA6F0099277E /* shsudoMac */ = {isa = PBXFileReference; explicitFileType = "compiled.mach-o.executable"; includeInIndex = 0; path = shsudoMac; sourceTree = BUILT_PRODUCTS_DIR; };
		4F56A8D91AA4EACF0099277E /* shsudo.m */ = {isa = PBXFileReference; fileEncoding = 4; lastKnownFileType = sourcecode.c.objc; path = shsudo.m; sourceTree = "<group>"; };
/* End PBXFileReference section */

/* Begin PBXFrameworksBuildPhase section */
		4F56A8CC1AA4EA6F0099277E /* Frameworks */ = {
			isa = PBXFrameworksBuildPhase;
			buildActionMask = 2147483647;
			files = (
			);
			runOnlyForDeploymentPostprocessing = 0;
		};
/* End PBXFrameworksBuildPhase section */

/* Begin PBXGroup section */
		4F56A8C61AA4EA6F0099277E = {
			isa = PBXGroup;
			children = (
				4F56A8D11AA4EA6F0099277E /* shsudoMac */,
				4F56A8D01AA4EA6F0099277E /* Products */,
			);
			sourceTree = "<group>";
		};
		4F56A8D01AA4EA6F0099277E /* Products */ = {
			isa = PBXGroup;
			children = (
				4F56A8CF1AA4EA6F0099277E /* shsudoMac */,
			);
			name = Products;
			sourceTree = "<group>";
		};
		4F56A8D11AA4EA6F0099277E /* shsudoMac */ = {
			isa = PBXGroup;
			children = (
				4F56A8D91AA4EACF0099277E /* shsudo.m */,
			);
			path = shsudoMac;
			sourceTree = "<group>";
		};
/* End PBXGroup section */

/* Begin PBXNativeTarget section */
		4F56A8CE1AA4EA6F0099277E /* shsudoMac */ = {
			isa = PBXNativeTarget;
			buildConfigurationList = 4F56A8D61AA4EA6F0099277E /* Build configuration list for PBXNativeTarget "shsudoMac" */;
			buildPhases = (
				4F56A8CB1AA4EA6F0099277E /* Sources */,
				4F56A8CC1AA4EA6F0099277E /* Frameworks */,
				4F56A8CD1AA4EA6F0099277E /* CopyFiles */,
			);
			buildRules = (
			);
			dependencies = (
			);
			name = shsudoMac;
			productName = shsudoMac;
			productReference = 4F56A8CF1AA4EA6F0099277E /* shsudoMac */;
			productType = "com.apple.product-type.tool";
		};
/* End PBXNativeTarget section */

/* Begin PBXProject section */
		4F56A8C71AA4EA6F0099277E /* Project object */ = {
			isa = PBXProject;
			attributes = {
				LastUpgradeCheck = 0700;
				ORGANIZATIONNAME = "Sighthound, Inc";
				TargetAttributes = {
					4F56A8CE1AA4EA6F0099277E = {
						CreatedOnToolsVersion = 6.1.1;
					};
				};
			};
			buildConfigurationList = 4F56A8CA1AA4EA6F0099277E /* Build configuration list for PBXProject "shsudoMac" */;
			compatibilityVersion = "Xcode 3.2";
			developmentRegion = English;
			hasScannedForEncodings = 0;
			knownRegions = (
				en,
			);
			mainGroup = 4F56A8C61AA4EA6F0099277E;
			productRefGroup = 4F56A8D01AA4EA6F0099277E /* Products */;
			projectDirPath = "";
			projectRoot = "";
			targets = (
				4F56A8CE1AA4EA6F0099277E /* shsudoMac */,
			);
		};
/* End PBXProject section */

/* Begin PBXSourcesBuildPhase section */
		4F56A8CB1AA4EA6F0099277E /* Sources */ = {
			isa = PBXSourcesBuildPhase;
			buildActionMask = 2147483647;
			files = (
				4F56A8DA1AA4EACF0099277E /* shsudo.m in Sources */,
			);
			runOnlyForDeploymentPostprocessing = 0;
		};
/* End PBXSourcesBuildPhase section */

/* Begin XCBuildConfiguration section */
		4F56A8D41AA4EA6F0099277E /* Debug */ = {
			isa = XCBuildConfiguration;
			buildSettings = {
				ALWAYS_SEARCH_USER_PATHS = NO;
				ARCHS = "$(ARCHS_STANDARD_32_64_BIT)";
				CLANG_CXX_LANGUAGE_STANDARD = "gnu++0x";
				CLANG_CXX_LIBRARY = "libc++";
				CLANG_ENABLE_MODULES = YES;
				CLANG_ENABLE_OBJC_ARC = NO;
				CLANG_WARN_BOOL_CONVERSION = YES;
				CLANG_WARN_CONSTANT_CONVERSION = YES;
				CLANG_WARN_DIRECT_OBJC_ISA_USAGE = YES_ERROR;
				CLANG_WARN_EMPTY_BODY = YES;
				CLANG_WARN_ENUM_CONVERSION = YES;
				CLANG_WARN_INT_CONVERSION = YES;
				CLANG_WARN_OBJC_ROOT_CLASS = YES_ERROR;
				CLANG_WARN_UNREACHABLE_CODE = YES;
				CLANG_WARN__DUPLICATE_METHOD_MATCH = YES;
				COPY_PHASE_STRIP = NO;
				ENABLE_STRICT_OBJC_MSGSEND = YES;
				ENABLE_TESTABILITY = YES;
				GCC_C_LANGUAGE_STANDARD = gnu99;
				GCC_DYNAMIC_NO_PIC = NO;
				GCC_OPTIMIZATION_LEVEL = 0;
				GCC_PREPROCESSOR_DEFINITIONS = (
					"DEBUG=1",
					"$(inherited)",
				);
				GCC_SYMBOLS_PRIVATE_EXTERN = NO;
				GCC_WARN_64_TO_32_BIT_CONVERSION = YES;
				GCC_WARN_ABOUT_RETURN_TYPE = YES_ERROR;
				GCC_WARN_UNDECLARED_SELECTOR = YES;
				GCC_WARN_UNINITIALIZED_AUTOS = YES_AGGRESSIVE;
				GCC_WARN_UNUSED_FUNCTION = YES;
				GCC_WARN_UNUSED_VARIABLE = YES;
				MACOSX_DEPLOYMENT_TARGET = 10.7;
				MTL_ENABLE_DEBUG_INFO = YES;
				ONLY_ACTIVE_ARCH = YES;
				SDKROOT = macosx;
			};
			name = Debug;
		};
		4F56A8D51AA4EA6F0099277E /* Release */ = {
			isa = XCBuildConfiguration;
			buildSettings = {
				ALWAYS_SEARCH_USER_PATHS = NO;
				ARCHS = "$(ARCHS_STANDARD_32_64_BIT)";
				CLANG_CXX_LANGUAGE_STANDARD = "gnu++0x";
				CLANG_CXX_LIBRARY = "libc++";
				CLANG_ENABLE_MODULES = YES;
				CLANG_ENABLE_OBJC_ARC = NO;
				CLANG_WARN_BOOL_CONVERSION = YES;
				CLANG_WARN_CONSTANT_CONVERSION = YES;
				CLANG_WARN_DIRECT_OBJC_ISA_USAGE = YES_ERROR;
				CLANG_WARN_EMPTY_BODY = YES;
				CLANG_WARN_ENUM_CONVERSION = YES;
				CLANG_WARN_INT_CONVERSION = YES;
				CLANG_WARN_OBJC_ROOT_CLASS = YES_ERROR;
				CLANG_WARN_UNREACHABLE_CODE = YES;
				CLANG_WARN__DUPLICATE_METHOD_MATCH = YES;
				COPY_PHASE_STRIP = YES;
				DEBUG_INFORMATION_FORMAT = "dwarf-with-dsym";
				ENABLE_NS_ASSERTIONS = NO;
				ENABLE_STRICT_OBJC_MSGSEND = YES;
				GCC_C_LANGUAGE_STANDARD = gnu99;
				GCC_WARN_64_TO_32_BIT_CONVERSION = YES;
				GCC_WARN_ABOUT_RETURN_TYPE = YES_ERROR;
				GCC_WARN_UNDECLARED_SELECTOR = YES;
				GCC_WARN_UNINITIALIZED_AUTOS = YES_AGGRESSIVE;
				GCC_WARN_UNUSED_FUNCTION = YES;
				GCC_WARN_UNUSED_VARIABLE = YES;
				MACOSX_DEPLOYMENT_TARGET = 10.7;
				MTL_ENABLE_DEBUG_INFO = NO;
				ONLY_ACTIVE_ARCH = NO;
				SDKROOT = macosx;
			};
			name = Release;
		};
		4F56A8D71AA4EA6F0099277E /* Debug */ = {
			isa = XCBuildConfiguration;
			buildSettings = {
				PRODUCT_NAME = "$(TARGET_NAME)";
			};
			name = Debug;
		};
		4F56A8D81AA4EA6F0099277E /* Release */ = {
			isa = XCBuildConfiguration;
			buildSettings = {
				PRODUCT_NAME = "$(TARGET_NAME)";
			};
			name = Release;
		};
/* End XCBuildConfiguration section */

/* Begin XCConfigurationList section */
		4F56A8CA1AA4EA6F0099277E /* Build configuration list for PBXProject "shsudoMac" */ = {
			isa = XCConfigurationList;
			buildConfigurations = (
				4F56A8D41AA4EA6F0099277E /* Debug */,
				4F56A8D51AA4EA6F0099277E /* Release */,
			);
			defaultConfigurationIsVisible = 0;
			defaultConfigurationName = Release;
		};
		4F56A8D61AA4EA6F0099277E /* Build configuration list for PBXNativeTarget "shsudoMac" */ = {
			isa = XCConfigurationList;
			buildConfigurations = (
				4F56A8D71AA4EA6F0099277E /* Debug */,
				4F56A8D81AA4EA6F0099277E /* Release */,
			);
			defaultConfigurationIsVisible = 0;
			defaultConfigurationName = Release;
		};
/* End XCConfigurationList section */
	};
	rootObject = 4F56A8C71AA4EA6F0099277E /* Project object */;
}
